hash: 16ed7c907af98983bf7cbe350e9ff03fb1208a4ad54664a83e488935889e6207
updated: 2017-06-27T15:49:17.807220643-05:00
imports:
- name: github.com/aws/aws-sdk-go
  version: 72e42b13da62269f68308fb6068b7ea691a416a4
  subpackages:
  - aws
  - aws/awserr
  - aws/awsutil
  - aws/client
  - aws/client/metadata
  - aws/corehandlers
  - aws/credentials
  - aws/credentials/ec2rolecreds
  - aws/credentials/endpointcreds
  - aws/credentials/stscreds
  - aws/defaults
  - aws/ec2metadata
  - aws/endpoints
  - aws/request
  - aws/session
  - aws/signer/v4
  - internal/shareddefaults
  - private/protocol
  - private/protocol/json/jsonutil
  - private/protocol/jsonrpc
  - private/protocol/query
  - private/protocol/query/queryutil
  - private/protocol/rest
  - private/protocol/xml/xmlutil
  - private/waiter
  - service/firehose
  - service/firehose/firehoseiface
  - service/kinesis
  - service/kinesis/kinesisiface
  - service/sts
- name: github.com/go-ini/ini
  version: 1730955e3146956d6a087861380f9b4667ed5071
- name: github.com/gopherjs/gopherjs
  version: 0cc212b4ef1943b61e894a7d56490575b3216439
  subpackages:
  - js
- name: github.com/jmespath/go-jmespath
  version: bd40a432e4c76585ef6b72d3fd96fb9b6dc7b68d
- name: github.com/jtolds/gls
  version: f1ac7f4f24f50328e6bc838ca4437d1612a0243c
- name: github.com/smartystreets/assertions
  version: c9ee7d9e9a2aeec0bee7c4a516f3e0ad7cb7e558
  subpackages:
  - internal/go-render/render
  - internal/oglematchers
- name: github.com/smartystreets/goconvey
  version: 3bd662eac601ad6436e64776af2e112069eb2edc
  subpackages:
  - convey
  - convey/gotest
  - convey/reporting
- name: github.com/stretchr/testify
  version: 69483b4bd14f5845b5a1e55bca19e954e827f1d0
  subpackages:
  - assert
- name: gopkg.in/gcfg.v1
  version: 27e4946190b4a327b539185f2b5b1f7c84730728
  subpackages:
  - scanner
  - token
  - types
- name: gopkg.in/warnings.v0
  version: 8a331561fe74dadba6edfc59f3be66c22c3b065d
testImports:
- name: github.com/davecgh/go-spew
  version: 6d212800a42e8ab5c146b8ace3490ee17e5225f9
  subpackages:
  - spew
- name: github.com/pmezard/go-difflib
  version: d8ed2627bdf02c080bf22230dbb337003b7aba2d
  subpackages:
  - difflib
