hash: 888c76d30c4f09b8dc1b9e3f03b5f8aca71a4fce1f61f86b00ec2acf4f1bff87
updated: 2017-03-22T03:38:40.868274029-05:00
imports:
- name: github.com/aws/aws-sdk-go
  version: 5b99715ae2945a2434a2371f4e6c5542e839a32d
  subpackages:
  - aws
  - aws/awserr
  - aws/awsutil
  - aws/client
  - aws/client/metadata
  - aws/corehandlers
  - aws/credentials
  - aws/credentials/ec2rolecreds
  - aws/credentials/endpointcreds
  - aws/credentials/stscreds
  - aws/defaults
  - aws/ec2metadata
  - aws/endpoints
  - aws/request
  - aws/session
  - aws/signer/v4
  - private/protocol
  - private/protocol/json/jsonutil
  - private/protocol/jsonrpc
  - private/protocol/query
  - private/protocol/query/queryutil
  - private/protocol/rest
  - private/protocol/xml/xmlutil
  - private/waiter
  - service/firehose
  - service/firehose/firehoseiface
  - service/kinesis
  - service/kinesis/kinesisiface
  - service/sts
- name: github.com/go-ini/ini
  version: 1730955e3146956d6a087861380f9b4667ed5071
- name: github.com/gopherjs/gopherjs
  version: 0cc212b4ef1943b61e894a7d56490575b3216439
  subpackages:
  - js
- name: github.com/jmespath/go-jmespath
  version: bd40a432e4c76585ef6b72d3fd96fb9b6dc7b68d
- name: github.com/jtolds/gls
  version: f1ac7f4f24f50328e6bc838ca4437d1612a0243c
- name: github.com/klauspost/compress
  version: e3b7981a12dd3cab49afa1d3a50e715846f23732
  subpackages:
  - flate
  - gzip
  - zlib
- name: github.com/klauspost/cpuid
  version: 09cded8978dc9e80714c4d85b0322337b0a1e5e0
- name: github.com/klauspost/crc32
  version: cb6bfca970f6908083f26f39a79009d608efd5cd
- name: github.com/smartystreets/assertions
  version: c9ee7d9e9a2aeec0bee7c4a516f3e0ad7cb7e558
  subpackages:
  - internal/go-render/render
  - internal/oglematchers
- name: github.com/smartystreets/goconvey
  version: 3bd662eac601ad6436e64776af2e112069eb2edc
  subpackages:
  - convey
  - convey/gotest
  - convey/reporting
- name: github.com/valyala/bytebufferpool
  version: e746df99fe4a3986f4d4f79e13c1e0117ce9c2f7
- name: github.com/valyala/fasthttp
  version: 0503f9d38c2eb8793a0210f950a815810ffd1b64
  subpackages:
  - fasthttputil
- name: gopkg.in/gcfg.v1
  version: 27e4946190b4a327b539185f2b5b1f7c84730728
  subpackages:
  - scanner
  - token
  - types
- name: gopkg.in/warnings.v0
  version: 8a331561fe74dadba6edfc59f3be66c22c3b065d
testImports: []
